
Microsoft Visual Studio Solution File, Format Version 12.00
# Visual Studio Version 17
VisualStudioVersion = 17.4.33403.182
MinimumVisualStudioVersion = 10.0.40219.1
Project("{FAE04EC0-301F-11D3-BF4B-00C04F79EFBC}") = "Sessia2Malev", "Sessia2Malev\Sessia2Malev.csproj", "{FEC62F0E-7F56-41E6-B8CC-DF06BF3AAECE}"
EndProject
Global
	GlobalSection(SolutionConfigurationPlatforms) = preSolution
		Debug|Any CPU = Debug|Any CPU
		Release|Any CPU = Release|Any CPU
	EndGlobalSection
	GlobalSection(ProjectConfigurationPlatforms) = postSolution
		{FEC62F0E-7F56-41E6-B8CC-DF06BF3AAECE}.Debug|Any CPU.ActiveCfg = Debug|Any CPU
		{FEC62F0E-7F56-41E6-B8CC-DF06BF3AAECE}.Debug|Any CPU.Build.0 = Debug|Any CPU
		{FEC62F0E-7F56-41E6-B8CC-DF06BF3AAECE}.Release|Any CPU.ActiveCfg = Release|Any CPU
		{FEC62F0E-7F56-41E6-B8CC-DF06BF3AAECE}.Release|Any CPU.Build.0 = Release|Any CPU
	EndGlobalSection
	GlobalSection(SolutionProperties) = preSolution
		HideSolutionNode = FALSE
	EndGlobalSection
	GlobalSection(ExtensibilityGlobals) = postSolution
		SolutionGuid = {DEF92BAE-A0F0-4B05-9BC1-A66FBA9B36BB}
	EndGlobalSection
EndGlobal
